
Microsoft Visual Studio Solution File, Format Version 12.00
# Visual Studio 2012
Project("{FAE04EC0-301F-11D3-BF4B-00C04F79EFBC}") = "CCFCCricApp", "CCFCCricApp.csproj", "{79775A1D-085E-4F2E-83A3-A67A3C5F8DDB}"
EndProject
Project("{FAE04EC0-301F-11D3-BF4B-00C04F79EFBC}") = "CCFCCricApp.iOS", "iOS\CCFCCricApp.iOS.csproj", "{67F63FEC-DCEC-4C90-96FA-3219BD17F633}"
EndProject
Project("{FAE04EC0-301F-11D3-BF4B-00C04F79EFBC}") = "CCFCCricApp.Droid", "Droid\CCFCCricApp.Droid.csproj", "{7E6880F8-FDBF-479F-B8F8-9104FD94E79F}"
EndProject
Global
	GlobalSection(SolutionConfigurationPlatforms) = preSolution
		Debug|Any CPU = Debug|Any CPU
		Release|Any CPU = Release|Any CPU
		Debug|iPhoneSimulator = Debug|iPhoneSimulator
		Release|iPhone = Release|iPhone
		Release|iPhoneSimulator = Release|iPhoneSimulator
		Debug|iPhone = Debug|iPhone
	EndGlobalSection
	GlobalSection(ProjectConfigurationPlatforms) = postSolution
		{79775A1D-085E-4F2E-83A3-A67A3C5F8DDB}.Debug|Any CPU.ActiveCfg = Debug|Any CPU
		{79775A1D-085E-4F2E-83A3-A67A3C5F8DDB}.Debug|Any CPU.Build.0 = Debug|Any CPU
		{79775A1D-085E-4F2E-83A3-A67A3C5F8DDB}.Release|Any CPU.ActiveCfg = Release|Any CPU
		{79775A1D-085E-4F2E-83A3-A67A3C5F8DDB}.Release|Any CPU.Build.0 = Release|Any CPU
		{79775A1D-085E-4F2E-83A3-A67A3C5F8DDB}.Debug|iPhoneSimulator.ActiveCfg = Debug|Any CPU
		{79775A1D-085E-4F2E-83A3-A67A3C5F8DDB}.Debug|iPhoneSimulator.Build.0 = Debug|Any CPU
		{79775A1D-085E-4F2E-83A3-A67A3C5F8DDB}.Release|iPhone.ActiveCfg = Release|Any CPU
		{79775A1D-085E-4F2E-83A3-A67A3C5F8DDB}.Release|iPhone.Build.0 = Release|Any CPU
		{79775A1D-085E-4F2E-83A3-A67A3C5F8DDB}.Release|iPhoneSimulator.ActiveCfg = Release|Any CPU
		{79775A1D-085E-4F2E-83A3-A67A3C5F8DDB}.Release|iPhoneSimulator.Build.0 = Release|Any CPU
		{79775A1D-085E-4F2E-83A3-A67A3C5F8DDB}.Debug|iPhone.ActiveCfg = Debug|Any CPU
		{79775A1D-085E-4F2E-83A3-A67A3C5F8DDB}.Debug|iPhone.Build.0 = Debug|Any CPU
		{67F63FEC-DCEC-4C90-96FA-3219BD17F633}.Debug|Any CPU.ActiveCfg = Debug|iPhoneSimulator
		{67F63FEC-DCEC-4C90-96FA-3219BD17F633}.Debug|Any CPU.Build.0 = Debug|iPhoneSimulator
		{67F63FEC-DCEC-4C90-96FA-3219BD17F633}.Release|Any CPU.ActiveCfg = Release|iPhone
		{67F63FEC-DCEC-4C90-96FA-3219BD17F633}.Release|Any CPU.Build.0 = Release|iPhone
		{67F63FEC-DCEC-4C90-96FA-3219BD17F633}.Debug|iPhoneSimulator.ActiveCfg = Debug|iPhoneSimulator
		{67F63FEC-DCEC-4C90-96FA-3219BD17F633}.Debug|iPhoneSimulator.Build.0 = Debug|iPhoneSimulator
		{67F63FEC-DCEC-4C90-96FA-3219BD17F633}.Release|iPhone.ActiveCfg = Release|iPhone
		{67F63FEC-DCEC-4C90-96FA-3219BD17F633}.Release|iPhone.Build.0 = Release|iPhone
		{67F63FEC-DCEC-4C90-96FA-3219BD17F633}.Release|iPhoneSimulator.ActiveCfg = Release|iPhoneSimulator
		{67F63FEC-DCEC-4C90-96FA-3219BD17F633}.Release|iPhoneSimulator.Build.0 = Release|iPhoneSimulator
		{67F63FEC-DCEC-4C90-96FA-3219BD17F633}.Debug|iPhone.ActiveCfg = Debug|iPhone
		{67F63FEC-DCEC-4C90-96FA-3219BD17F633}.Debug|iPhone.Build.0 = Debug|iPhone
		{7E6880F8-FDBF-479F-B8F8-9104FD94E79F}.Debug|Any CPU.ActiveCfg = Debug|Any CPU
		{7E6880F8-FDBF-479F-B8F8-9104FD94E79F}.Debug|Any CPU.Build.0 = Debug|Any CPU
		{7E6880F8-FDBF-479F-B8F8-9104FD94E79F}.Release|Any CPU.ActiveCfg = Release|Any CPU
		{7E6880F8-FDBF-479F-B8F8-9104FD94E79F}.Release|Any CPU.Build.0 = Release|Any CPU
		{7E6880F8-FDBF-479F-B8F8-9104FD94E79F}.Debug|iPhoneSimulator.ActiveCfg = Debug|Any CPU
		{7E6880F8-FDBF-479F-B8F8-9104FD94E79F}.Debug|iPhoneSimulator.Build.0 = Debug|Any CPU
		{7E6880F8-FDBF-479F-B8F8-9104FD94E79F}.Release|iPhone.ActiveCfg = Release|Any CPU
		{7E6880F8-FDBF-479F-B8F8-9104FD94E79F}.Release|iPhone.Build.0 = Release|Any CPU
		{7E6880F8-FDBF-479F-B8F8-9104FD94E79F}.Release|iPhoneSimulator.ActiveCfg = Release|Any CPU
		{7E6880F8-FDBF-479F-B8F8-9104FD94E79F}.Release|iPhoneSimulator.Build.0 = Release|Any CPU
		{7E6880F8-FDBF-479F-B8F8-9104FD94E79F}.Debug|iPhone.ActiveCfg = Debug|Any CPU
		{7E6880F8-FDBF-479F-B8F8-9104FD94E79F}.Debug|iPhone.Build.0 = Debug|Any CPU
	EndGlobalSection
EndGlobal
